
Microsoft Visual Studio Solution File, Format Version 12.00
# Visual Studio Version 17
VisualStudioVersion = 17.3.32811.315
MinimumVisualStudioVersion = 10.0.40219.1
Project("{FAE04EC0-301F-11D3-BF4B-00C04F79EFBC}") = "NET6ConsoleAPPWithDI", "NET6ConsoleAPPWithDI\NET6ConsoleAPPWithDI.csproj", "{21F21C73-77CB-46E5-B52C-7FD3F7A903A5}"
EndProject
Global
	GlobalSection(SolutionConfigurationPlatforms) = preSolution
		Debug|Any CPU = Debug|Any CPU
		Release|Any CPU = Release|Any CPU
	EndGlobalSection
	GlobalSection(ProjectConfigurationPlatforms) = postSolution
		{21F21C73-77CB-46E5-B52C-7FD3F7A903A5}.Debug|Any CPU.ActiveCfg = Debug|Any CPU
		{21F21C73-77CB-46E5-B52C-7FD3F7A903A5}.Debug|Any CPU.Build.0 = Debug|Any CPU
		{21F21C73-77CB-46E5-B52C-7FD3F7A903A5}.Release|Any CPU.ActiveCfg = Release|Any CPU
		{21F21C73-77CB-46E5-B52C-7FD3F7A903A5}.Release|Any CPU.Build.0 = Release|Any CPU
	EndGlobalSection
	GlobalSection(SolutionProperties) = preSolution
		HideSolutionNode = FALSE
	EndGlobalSection
	GlobalSection(ExtensibilityGlobals) = postSolution
		SolutionGuid = {7CDC49D7-C13B-4617-9BFC-7ACFEFE29B90}
	EndGlobalSection
EndGlobal
